
Microsoft Visual Studio Solution File, Format Version 12.00
# Visual Studio 15
VisualStudioVersion = 15.0.27130.2024
MinimumVisualStudioVersion = 10.0.40219.1
Project("{FAE04EC0-301F-11D3-BF4B-00C04F79EFBC}") = "CrossPlatformApp.Android", "CrossPlatformApp\CrossPlatformApp.Android\CrossPlatformApp.Android.csproj", "{42C4FA37-CA3B-4E9D-AF74-A974EC8A4D66}"
EndProject
Project("{FAE04EC0-301F-11D3-BF4B-00C04F79EFBC}") = "CrossPlatformApp.iOS", "CrossPlatformApp\CrossPlatformApp.iOS\CrossPlatformApp.iOS.csproj", "{E2A69F53-9A32-4F75-BA35-6FF7764D2FB7}"
EndProject
Project("{FAE04EC0-301F-11D3-BF4B-00C04F79EFBC}") = "CrossPlatformApp.UWP", "CrossPlatformApp\CrossPlatformApp.UWP\CrossPlatformApp.UWP.csproj", "{F64D7E58-E821-4D91-90CB-F08D26FFD17A}"
EndProject
Project("{FAE04EC0-301F-11D3-BF4B-00C04F79EFBC}") = "CrossPlatformApp", "CrossPlatformApp\CrossPlatformApp\CrossPlatformApp.csproj", "{CAE9BC6F-01AF-401C-9880-ECC08EE4E3DE}"
EndProject
Global
	GlobalSection(SolutionConfigurationPlatforms) = preSolution
		Ad-Hoc|Any CPU = Ad-Hoc|Any CPU
		Ad-Hoc|ARM = Ad-Hoc|ARM
		Ad-Hoc|iPhone = Ad-Hoc|iPhone
		Ad-Hoc|iPhoneSimulator = Ad-Hoc|iPhoneSimulator
		Ad-Hoc|x64 = Ad-Hoc|x64
		Ad-Hoc|x86 = Ad-Hoc|x86
		AppStore|Any CPU = AppStore|Any CPU
		AppStore|ARM = AppStore|ARM
		AppStore|iPhone = AppStore|iPhone
		AppStore|iPhoneSimulator = AppStore|iPhoneSimulator
		AppStore|x64 = AppStore|x64
		AppStore|x86 = AppStore|x86
		Debug|Any CPU = Debug|Any CPU
		Debug|ARM = Debug|ARM
		Debug|iPhone = Debug|iPhone
		Debug|iPhoneSimulator = Debug|iPhoneSimulator
		Debug|x64 = Debug|x64
		Debug|x86 = Debug|x86
		Release|Any CPU = Release|Any CPU
		Release|ARM = Release|ARM
		Release|iPhone = Release|iPhone
		Release|iPhoneSimulator = Release|iPhoneSimulator
		Release|x64 = Release|x64
		Release|x86 = Release|x86
	EndGlobalSection
	GlobalSection(ProjectConfigurationPlatforms) = postSolution
		{42C4FA37-CA3B-4E9D-AF74-A974EC8A4D66}.Ad-Hoc|Any CPU.ActiveCfg = Release|Any CPU
		{42C4FA37-CA3B-4E9D-AF74-A974EC8A4D66}.Ad-Hoc|Any CPU.Build.0 = Release|Any CPU
		{42C4FA37-CA3B-4E9D-AF74-A974EC8A4D66}.Ad-Hoc|Any CPU.Deploy.0 = Release|Any CPU
		{42C4FA37-CA3B-4E9D-AF74-A974EC8A4D66}.Ad-Hoc|ARM.ActiveCfg = Release|Any CPU
		{42C4FA37-CA3B-4E9D-AF74-A974EC8A4D66}.Ad-Hoc|ARM.Build.0 = Release|Any CPU
		{42C4FA37-CA3B-4E9D-AF74-A974EC8A4D66}.Ad-Hoc|ARM.Deploy.0 = Release|Any CPU
		{42C4FA37-CA3B-4E9D-AF74-A974EC8A4D66}.Ad-Hoc|iPhone.ActiveCfg = Release|Any CPU
		{42C4FA37-CA3B-4E9D-AF74-A974EC8A4D66}.Ad-Hoc|iPhone.Build.0 = Release|Any CPU
		{42C4FA37-CA3B-4E9D-AF74-A974EC8A4D66}.Ad-Hoc|iPhone.Deploy.0 = Release|Any CPU
		{42C4FA37-CA3B-4E9D-AF74-A974EC8A4D66}.Ad-Hoc|iPhoneSimulator.ActiveCfg = Release|Any CPU
		{42C4FA37-CA3B-4E9D-AF74-A974EC8A4D66}.Ad-Hoc|iPhoneSimulator.Build.0 = Release|Any CPU
		{42C4FA37-CA3B-4E9D-AF74-A974EC8A4D66}.Ad-Hoc|iPhoneSimulator.Deploy.0 = Release|Any CPU
		{42C4FA37-CA3B-4E9D-AF74-A974EC8A4D66}.Ad-Hoc|x64.ActiveCfg = Release|Any CPU
		{42C4FA37-CA3B-4E9D-AF74-A974EC8A4D66}.Ad-Hoc|x64.Build.0 = Release|Any CPU
		{42C4FA37-CA3B-4E9D-AF74-A974EC8A4D66}.Ad-Hoc|x64.Deploy.0 = Release|Any CPU
		{42C4FA37-CA3B-4E9D-AF74-A974EC8A4D66}.Ad-Hoc|x86.ActiveCfg = Release|Any CPU
		{42C4FA37-CA3B-4E9D-AF74-A974EC8A4D66}.Ad-Hoc|x86.Build.0 = Release|Any CPU
		{42C4FA37-CA3B-4E9D-AF74-A974EC8A4D66}.Ad-Hoc|x86.Deploy.0 = Release|Any CPU
		{42C4FA37-CA3B-4E9D-AF74-A974EC8A4D66}.AppStore|Any CPU.ActiveCfg = Release|Any CPU
		{42C4FA37-CA3B-4E9D-AF74-A974EC8A4D66}.AppStore|Any CPU.Build.0 = Release|Any CPU
		{42C4FA37-CA3B-4E9D-AF74-A974EC8A4D66}.AppStore|Any CPU.Deploy.0 = Release|Any CPU
		{42C4FA37-CA3B-4E9D-AF74-A974EC8A4D66}.AppStore|ARM.ActiveCfg = Release|Any CPU
		{42C4FA37-CA3B-4E9D-AF74-A974EC8A4D66}.AppStore|ARM.Build.0 = Release|Any CPU
		{42C4FA37-CA3B-4E9D-AF74-A974EC8A4D66}.AppStore|ARM.Deploy.0 = Release|Any CPU
		{42C4FA37-CA3B-4E9D-AF74-A974EC8A4D66}.AppStore|iPhone.ActiveCfg = Release|Any CPU
		{42C4FA37-CA3B-4E9D-AF74-A974EC8A4D66}.AppStore|iPhone.Build.0 = Release|Any CPU
		{42C4FA37-CA3B-4E9D-AF74-A974EC8A4D66}.AppStore|iPhone.Deploy.0 = Release|Any CPU
		{42C4FA37-CA3B-4E9D-AF74-A974EC8A4D66}.AppStore|iPhoneSimulator.ActiveCfg = Release|Any CPU
		{42C4FA37-CA3B-4E9D-AF74-A974EC8A4D66}.AppStore|iPhoneSimulator.Build.0 = Release|Any CPU
		{42C4FA37-CA3B-4E9D-AF74-A974EC8A4D66}.AppStore|iPhoneSimulator.Deploy.0 = Release|Any CPU
		{42C4FA37-CA3B-4E9D-AF74-A974EC8A4D66}.AppStore|x64.ActiveCfg = Release|Any CPU
		{42C4FA37-CA3B-4E9D-AF74-A974EC8A4D66}.AppStore|x64.Build.0 = Release|Any CPU
		{42C4FA37-CA3B-4E9D-AF74-A974EC8A4D66}.AppStore|x64.Deploy.0 = Release|Any CPU
		{42C4FA37-CA3B-4E9D-AF74-A974EC8A4D66}.AppStore|x86.ActiveCfg = Release|Any CPU
		{42C4FA37-CA3B-4E9D-AF74-A974EC8A4D66}.AppStore|x86.Build.0 = Release|Any CPU
		{42C4FA37-CA3B-4E9D-AF74-A974EC8A4D66}.AppStore|x86.Deploy.0 = Release|Any CPU
		{42C4FA37-CA3B-4E9D-AF74-A974EC8A4D66}.Debug|Any CPU.ActiveCfg = Debug|Any CPU
		{42C4FA37-CA3B-4E9D-AF74-A974EC8A4D66}.Debug|Any CPU.Build.0 = Debug|Any CPU
		{42C4FA37-CA3B-4E9D-AF74-A974EC8A4D66}.Debug|Any CPU.Deploy.0 = Debug|Any CPU
		{42C4FA37-CA3B-4E9D-AF74-A974EC8A4D66}.Debug|ARM.ActiveCfg = Debug|Any CPU
		{42C4FA37-CA3B-4E9D-AF74-A974EC8A4D66}.Debug|ARM.Build.0 = Debug|Any CPU
		{42C4FA37-CA3B-4E9D-AF74-A974EC8A4D66}.Debug|ARM.Deploy.0 = Debug|Any CPU
		{42C4FA37-CA3B-4E9D-AF74-A974EC8A4D66}.Debug|iPhone.ActiveCfg = Debug|Any CPU
		{42C4FA37-CA3B-4E9D-AF74-A974EC8A4D66}.Debug|iPhone.Build.0 = Debug|Any CPU
		{42C4FA37-CA3B-4E9D-AF74-A974EC8A4D66}.Debug|iPhone.Deploy.0 = Debug|Any CPU
		{42C4FA37-CA3B-4E9D-AF74-A974EC8A4D66}.Debug|iPhoneSimulator.ActiveCfg = Debug|Any CPU
		{42C4FA37-CA3B-4E9D-AF74-A974EC8A4D66}.Debug|iPhoneSimulator.Build.0 = Debug|Any CPU
		{42C4FA37-CA3B-4E9D-AF74-A974EC8A4D66}.Debug|iPhoneSimulator.Deploy.0 = Debug|Any CPU
		{42C4FA37-CA3B-4E9D-AF74-A974EC8A4D66}.Debug|x64.ActiveCfg = Debug|Any CPU
		{42C4FA37-CA3B-4E9D-AF74-A974EC8A4D66}.Debug|x64.Build.0 = Debug|Any CPU
		{42C4FA37-CA3B-4E9D-AF74-A974EC8A4D66}.Debug|x64.Deploy.0 = Debug|Any CPU
		{42C4FA37-CA3B-4E9D-AF74-A974EC8A4D66}.Debug|x86.ActiveCfg = Debug|Any CPU
		{42C4FA37-CA3B-4E9D-AF74-A974EC8A4D66}.Debug|x86.Build.0 = Debug|Any CPU
		{42C4FA37-CA3B-4E9D-AF74-A974EC8A4D66}.Debug|x86.Deploy.0 = Debug|Any CPU
		{42C4FA37-CA3B-4E9D-AF74-A974EC8A4D66}.Release|Any CPU.ActiveCfg = Release|Any CPU
		{42C4FA37-CA3B-4E9D-AF74-A974EC8A4D66}.Release|Any CPU.Build.0 = Release|Any CPU
		{42C4FA37-CA3B-4E9D-AF74-A974EC8A4D66}.Release|Any CPU.Deploy.0 = Release|Any CPU
		{42C4FA37-CA3B-4E9D-AF74-A974EC8A4D66}.Release|ARM.ActiveCfg = Release|Any CPU
		{42C4FA37-CA3B-4E9D-AF74-A974EC8A4D66}.Release|ARM.Build.0 = Release|Any CPU
		{42C4FA37-CA3B-4E9D-AF74-A974EC8A4D66}.Release|ARM.Deploy.0 = Release|Any CPU
		{42C4FA37-CA3B-4E9D-AF74-A974EC8A4D66}.Release|iPhone.ActiveCfg = Release|Any CPU
		{42C4FA37-CA3B-4E9D-AF74-A974EC8A4D66}.Release|iPhone.Build.0 = Release|Any CPU
		{42C4FA37-CA3B-4E9D-AF74-A974EC8A4D66}.Release|iPhone.Deploy.0 = Release|Any CPU
		{42C4FA37-CA3B-4E9D-AF74-A974EC8A4D66}.Release|iPhoneSimulator.ActiveCfg = Release|Any CPU
		{42C4FA37-CA3B-4E9D-AF74-A974EC8A4D66}.Release|iPhoneSimulator.Build.0 = Release|Any CPU
		{42C4FA37-CA3B-4E9D-AF74-A974EC8A4D66}.Release|iPhoneSimulator.Deploy.0 = Release|Any CPU
		{42C4FA37-CA3B-4E9D-AF74-A974EC8A4D66}.Release|x64.ActiveCfg = Release|Any CPU
		{42C4FA37-CA3B-4E9D-AF74-A974EC8A4D66}.Release|x64.Build.0 = Release|Any CPU
		{42C4FA37-CA3B-4E9D-AF74-A974EC8A4D66}.Release|x64.Deploy.0 = Release|Any CPU
		{42C4FA37-CA3B-4E9D-AF74-A974EC8A4D66}.Release|x86.ActiveCfg = Release|Any CPU
		{42C4FA37-CA3B-4E9D-AF74-A974EC8A4D66}.Release|x86.Build.0 = Release|Any CPU
		{42C4FA37-CA3B-4E9D-AF74-A974EC8A4D66}.Release|x86.Deploy.0 = Release|Any CPU
		{E2A69F53-9A32-4F75-BA35-6FF7764D2FB7}.Ad-Hoc|Any CPU.ActiveCfg = Ad-Hoc|iPhone
		{E2A69F53-9A32-4F75-BA35-6FF7764D2FB7}.Ad-Hoc|ARM.ActiveCfg = Ad-Hoc|iPhone
		{E2A69F53-9A32-4F75-BA35-6FF7764D2FB7}.Ad-Hoc|iPhone.ActiveCfg = Ad-Hoc|iPhone
		{E2A69F53-9A32-4F75-BA35-6FF7764D2FB7}.Ad-Hoc|iPhone.Build.0 = Ad-Hoc|iPhone
		{E2A69F53-9A32-4F75-BA35-6FF7764D2FB7}.Ad-Hoc|iPhoneSimulator.ActiveCfg = Ad-Hoc|iPhoneSimulator
		{E2A69F53-9A32-4F75-BA35-6FF7764D2FB7}.Ad-Hoc|iPhoneSimulator.Build.0 = Ad-Hoc|iPhoneSimulator
		{E2A69F53-9A32-4F75-BA35-6FF7764D2FB7}.Ad-Hoc|x64.ActiveCfg = Ad-Hoc|iPhone
		{E2A69F53-9A32-4F75-BA35-6FF7764D2FB7}.Ad-Hoc|x86.ActiveCfg = Ad-Hoc|iPhone
		{E2A69F53-9A32-4F75-BA35-6FF7764D2FB7}.AppStore|Any CPU.ActiveCfg = AppStore|iPhone
		{E2A69F53-9A32-4F75-BA35-6FF7764D2FB7}.AppStore|ARM.ActiveCfg = AppStore|iPhone
		{E2A69F53-9A32-4F75-BA35-6FF7764D2FB7}.AppStore|iPhone.ActiveCfg = AppStore|iPhone
		{E2A69F53-9A32-4F75-BA35-6FF7764D2FB7}.AppStore|iPhone.Build.0 = AppStore|iPhone
		{E2A69F53-9A32-4F75-BA35-6FF7764D2FB7}.AppStore|iPhoneSimulator.ActiveCfg = AppStore|iPhoneSimulator
		{E2A69F53-9A32-4F75-BA35-6FF7764D2FB7}.AppStore|iPhoneSimulator.Build.0 = AppStore|iPhoneSimulator
		{E2A69F53-9A32-4F75-BA35-6FF7764D2FB7}.AppStore|x64.ActiveCfg = AppStore|iPhone
		{E2A69F53-9A32-4F75-BA35-6FF7764D2FB7}.AppStore|x86.ActiveCfg = AppStore|iPhone
		{E2A69F53-9A32-4F75-BA35-6FF7764D2FB7}.Debug|Any CPU.ActiveCfg = Debug|iPhone
		{E2A69F53-9A32-4F75-BA35-6FF7764D2FB7}.Debug|ARM.ActiveCfg = Debug|iPhone
		{E2A69F53-9A32-4F75-BA35-6FF7764D2FB7}.Debug|iPhone.ActiveCfg = Debug|iPhone
		{E2A69F53-9A32-4F75-BA35-6FF7764D2FB7}.Debug|iPhone.Build.0 = Debug|iPhone
		{E2A69F53-9A32-4F75-BA35-6FF7764D2FB7}.Debug|iPhoneSimulator.ActiveCfg = Debug|iPhoneSimulator
		{E2A69F53-9A32-4F75-BA35-6FF7764D2FB7}.Debug|iPhoneSimulator.Build.0 = Debug|iPhoneSimulator
		{E2A69F53-9A32-4F75-BA35-6FF7764D2FB7}.Debug|x64.ActiveCfg = Debug|iPhone
		{E2A69F53-9A32-4F75-BA35-6FF7764D2FB7}.Debug|x86.ActiveCfg = Debug|iPhone
		{E2A69F53-9A32-4F75-BA35-6FF7764D2FB7}.Release|Any CPU.ActiveCfg = Release|iPhone
		{E2A69F53-9A32-4F75-BA35-6FF7764D2FB7}.Release|ARM.ActiveCfg = Release|iPhone
		{E2A69F53-9A32-4F75-BA35-6FF7764D2FB7}.Release|iPhone.ActiveCfg = Release|iPhone
		{E2A69F53-9A32-4F75-BA35-6FF7764D2FB7}.Release|iPhone.Build.0 = Release|iPhone
		{E2A69F53-9A32-4F75-BA35-6FF7764D2FB7}.Release|iPhoneSimulator.ActiveCfg = Release|iPhoneSimulator
		{E2A69F53-9A32-4F75-BA35-6FF7764D2FB7}.Release|iPhoneSimulator.Build.0 = Release|iPhoneSimulator
		{E2A69F53-9A32-4F75-BA35-6FF7764D2FB7}.Release|x64.ActiveCfg = Release|iPhone
		{E2A69F53-9A32-4F75-BA35-6FF7764D2FB7}.Release|x86.ActiveCfg = Release|iPhone
		{F64D7E58-E821-4D91-90CB-F08D26FFD17A}.Ad-Hoc|Any CPU.ActiveCfg = Release|x86
		{F64D7E58-E821-4D91-90CB-F08D26FFD17A}.Ad-Hoc|Any CPU.Build.0 = Release|x86
		{F64D7E58-E821-4D91-90CB-F08D26FFD17A}.Ad-Hoc|Any CPU.Deploy.0 = Release|x86
		{F64D7E58-E821-4D91-90CB-F08D26FFD17A}.Ad-Hoc|ARM.ActiveCfg = Release|ARM
		{F64D7E58-E821-4D91-90CB-F08D26FFD17A}.Ad-Hoc|ARM.Build.0 = Release|ARM
		{F64D7E58-E821-4D91-90CB-F08D26FFD17A}.Ad-Hoc|ARM.Deploy.0 = Release|ARM
		{F64D7E58-E821-4D91-90CB-F08D26FFD17A}.Ad-Hoc|iPhone.ActiveCfg = Release|x86
		{F64D7E58-E821-4D91-90CB-F08D26FFD17A}.Ad-Hoc|iPhone.Build.0 = Release|x86
		{F64D7E58-E821-4D91-90CB-F08D26FFD17A}.Ad-Hoc|iPhone.Deploy.0 = Release|x86
		{F64D7E58-E821-4D91-90CB-F08D26FFD17A}.Ad-Hoc|iPhoneSimulator.ActiveCfg = Release|x86
		{F64D7E58-E821-4D91-90CB-F08D26FFD17A}.Ad-Hoc|iPhoneSimulator.Build.0 = Release|x86
		{F64D7E58-E821-4D91-90CB-F08D26FFD17A}.Ad-Hoc|iPhoneSimulator.Deploy.0 = Release|x86
		{F64D7E58-E821-4D91-90CB-F08D26FFD17A}.Ad-Hoc|x64.ActiveCfg = Release|x64
		{F64D7E58-E821-4D91-90CB-F08D26FFD17A}.Ad-Hoc|x64.Build.0 = Release|x64
		{F64D7E58-E821-4D91-90CB-F08D26FFD17A}.Ad-Hoc|x64.Deploy.0 = Release|x64
		{F64D7E58-E821-4D91-90CB-F08D26FFD17A}.Ad-Hoc|x86.ActiveCfg = Release|x86
		{F64D7E58-E821-4D91-90CB-F08D26FFD17A}.Ad-Hoc|x86.Build.0 = Release|x86
		{F64D7E58-E821-4D91-90CB-F08D26FFD17A}.Ad-Hoc|x86.Deploy.0 = Release|x86
		{F64D7E58-E821-4D91-90CB-F08D26FFD17A}.AppStore|Any CPU.ActiveCfg = Release|x86
		{F64D7E58-E821-4D91-90CB-F08D26FFD17A}.AppStore|Any CPU.Build.0 = Release|x86
		{F64D7E58-E821-4D91-90CB-F08D26FFD17A}.AppStore|Any CPU.Deploy.0 = Release|x86
		{F64D7E58-E821-4D91-90CB-F08D26FFD17A}.AppStore|ARM.ActiveCfg = Release|ARM
		{F64D7E58-E821-4D91-90CB-F08D26FFD17A}.AppStore|ARM.Build.0 = Release|ARM
		{F64D7E58-E821-4D91-90CB-F08D26FFD17A}.AppStore|ARM.Deploy.0 = Release|ARM
		{F64D7E58-E821-4D91-90CB-F08D26FFD17A}.AppStore|iPhone.ActiveCfg = Release|x86
		{F64D7E58-E821-4D91-90CB-F08D26FFD17A}.AppStore|iPhone.Build.0 = Release|x86
		{F64D7E58-E821-4D91-90CB-F08D26FFD17A}.AppStore|iPhone.Deploy.0 = Release|x86
		{F64D7E58-E821-4D91-90CB-F08D26FFD17A}.AppStore|iPhoneSimulator.ActiveCfg = Release|x86
		{F64D7E58-E821-4D91-90CB-F08D26FFD17A}.AppStore|iPhoneSimulator.Build.0 = Release|x86
		{F64D7E58-E821-4D91-90CB-F08D26FFD17A}.AppStore|iPhoneSimulator.Deploy.0 = Release|x86
		{F64D7E58-E821-4D91-90CB-F08D26FFD17A}.AppStore|x64.ActiveCfg = Release|x64
		{F64D7E58-E821-4D91-90CB-F08D26FFD17A}.AppStore|x64.Build.0 = Release|x64
		{F64D7E58-E821-4D91-90CB-F08D26FFD17A}.AppStore|x64.Deploy.0 = Release|x64
		{F64D7E58-E821-4D91-90CB-F08D26FFD17A}.AppStore|x86.ActiveCfg = Release|x86
		{F64D7E58-E821-4D91-90CB-F08D26FFD17A}.AppStore|x86.Build.0 = Release|x86
		{F64D7E58-E821-4D91-90CB-F08D26FFD17A}.AppStore|x86.Deploy.0 = Release|x86
		{F64D7E58-E821-4D91-90CB-F08D26FFD17A}.Debug|Any CPU.ActiveCfg = Debug|x86
		{F64D7E58-E821-4D91-90CB-F08D26FFD17A}.Debug|ARM.ActiveCfg = Debug|ARM
		{F64D7E58-E821-4D91-90CB-F08D26FFD17A}.Debug|ARM.Build.0 = Debug|ARM
		{F64D7E58-E821-4D91-90CB-F08D26FFD17A}.Debug|ARM.Deploy.0 = Debug|ARM
		{F64D7E58-E821-4D91-90CB-F08D26FFD17A}.Debug|iPhone.ActiveCfg = Debug|x86
		{F64D7E58-E821-4D91-90CB-F08D26FFD17A}.Debug|iPhoneSimulator.ActiveCfg = Debug|x86
		{F64D7E58-E821-4D91-90CB-F08D26FFD17A}.Debug|x64.ActiveCfg = Debug|x64
		{F64D7E58-E821-4D91-90CB-F08D26FFD17A}.Debug|x64.Build.0 = Debug|x64
		{F64D7E58-E821-4D91-90CB-F08D26FFD17A}.Debug|x64.Deploy.0 = Debug|x64
		{F64D7E58-E821-4D91-90CB-F08D26FFD17A}.Debug|x86.ActiveCfg = Debug|x86
		{F64D7E58-E821-4D91-90CB-F08D26FFD17A}.Debug|x86.Build.0 = Debug|x86
		{F64D7E58-E821-4D91-90CB-F08D26FFD17A}.Debug|x86.Deploy.0 = Debug|x86
		{F64D7E58-E821-4D91-90CB-F08D26FFD17A}.Release|Any CPU.ActiveCfg = Release|x86
		{F64D7E58-E821-4D91-90CB-F08D26FFD17A}.Release|ARM.ActiveCfg = Release|ARM
		{F64D7E58-E821-4D91-90CB-F08D26FFD17A}.Release|ARM.Build.0 = Release|ARM
		{F64D7E58-E821-4D91-90CB-F08D26FFD17A}.Release|ARM.Deploy.0 = Release|ARM
		{F64D7E58-E821-4D91-90CB-F08D26FFD17A}.Release|iPhone.ActiveCfg = Release|x86
		{F64D7E58-E821-4D91-90CB-F08D26FFD17A}.Release|iPhoneSimulator.ActiveCfg = Release|x86
		{F64D7E58-E821-4D91-90CB-F08D26FFD17A}.Release|x64.ActiveCfg = Release|x64
		{F64D7E58-E821-4D91-90CB-F08D26FFD17A}.Release|x64.Build.0 = Release|x64
		{F64D7E58-E821-4D91-90CB-F08D26FFD17A}.Release|x64.Deploy.0 = Release|x64
		{F64D7E58-E821-4D91-90CB-F08D26FFD17A}.Release|x86.ActiveCfg = Release|x86
		{F64D7E58-E821-4D91-90CB-F08D26FFD17A}.Release|x86.Build.0 = Release|x86
		{F64D7E58-E821-4D91-90CB-F08D26FFD17A}.Release|x86.Deploy.0 = Release|x86
		{CAE9BC6F-01AF-401C-9880-ECC08EE4E3DE}.Ad-Hoc|Any CPU.ActiveCfg = Debug|Any CPU
		{CAE9BC6F-01AF-401C-9880-ECC08EE4E3DE}.Ad-Hoc|Any CPU.Build.0 = Debug|Any CPU
		{CAE9BC6F-01AF-401C-9880-ECC08EE4E3DE}.Ad-Hoc|ARM.ActiveCfg = Debug|Any CPU
		{CAE9BC6F-01AF-401C-9880-ECC08EE4E3DE}.Ad-Hoc|ARM.Build.0 = Debug|Any CPU
		{CAE9BC6F-01AF-401C-9880-ECC08EE4E3DE}.Ad-Hoc|iPhone.ActiveCfg = Debug|Any CPU
		{CAE9BC6F-01AF-401C-9880-ECC08EE4E3DE}.Ad-Hoc|iPhone.Build.0 = Debug|Any CPU
		{CAE9BC6F-01AF-401C-9880-ECC08EE4E3DE}.Ad-Hoc|iPhoneSimulator.ActiveCfg = Debug|Any CPU
		{CAE9BC6F-01AF-401C-9880-ECC08EE4E3DE}.Ad-Hoc|iPhoneSimulator.Build.0 = Debug|Any CPU
		{CAE9BC6F-01AF-401C-9880-ECC08EE4E3DE}.Ad-Hoc|x64.ActiveCfg = Debug|Any CPU
		{CAE9BC6F-01AF-401C-9880-ECC08EE4E3DE}.Ad-Hoc|x64.Build.0 = Debug|Any CPU
		{CAE9BC6F-01AF-401C-9880-ECC08EE4E3DE}.Ad-Hoc|x86.ActiveCfg = Debug|Any CPU
		{CAE9BC6F-01AF-401C-9880-ECC08EE4E3DE}.Ad-Hoc|x86.Build.0 = Debug|Any CPU
		{CAE9BC6F-01AF-401C-9880-ECC08EE4E3DE}.AppStore|Any CPU.ActiveCfg = Debug|Any CPU
		{CAE9BC6F-01AF-401C-9880-ECC08EE4E3DE}.AppStore|Any CPU.Build.0 = Debug|Any CPU
		{CAE9BC6F-01AF-401C-9880-ECC08EE4E3DE}.AppStore|ARM.ActiveCfg = Debug|Any CPU
		{CAE9BC6F-01AF-401C-9880-ECC08EE4E3DE}.AppStore|ARM.Build.0 = Debug|Any CPU
		{CAE9BC6F-01AF-401C-9880-ECC08EE4E3DE}.AppStore|iPhone.ActiveCfg = Debug|Any CPU
		{CAE9BC6F-01AF-401C-9880-ECC08EE4E3DE}.AppStore|iPhone.Build.0 = Debug|Any CPU
		{CAE9BC6F-01AF-401C-9880-ECC08EE4E3DE}.AppStore|iPhoneSimulator.ActiveCfg = Debug|Any CPU
		{CAE9BC6F-01AF-401C-9880-ECC08EE4E3DE}.AppStore|iPhoneSimulator.Build.0 = Debug|Any CPU
		{CAE9BC6F-01AF-401C-9880-ECC08EE4E3DE}.AppStore|x64.ActiveCfg = Debug|Any CPU
		{CAE9BC6F-01AF-401C-9880-ECC08EE4E3DE}.AppStore|x64.Build.0 = Debug|Any CPU
		{CAE9BC6F-01AF-401C-9880-ECC08EE4E3DE}.AppStore|x86.ActiveCfg = Debug|Any CPU
		{CAE9BC6F-01AF-401C-9880-ECC08EE4E3DE}.AppStore|x86.Build.0 = Debug|Any CPU
		{CAE9BC6F-01AF-401C-9880-ECC08EE4E3DE}.Debug|Any CPU.ActiveCfg = Debug|Any CPU
		{CAE9BC6F-01AF-401C-9880-ECC08EE4E3DE}.Debug|Any CPU.Build.0 = Debug|Any CPU
		{CAE9BC6F-01AF-401C-9880-ECC08EE4E3DE}.Debug|ARM.ActiveCfg = Debug|Any CPU
		{CAE9BC6F-01AF-401C-9880-ECC08EE4E3DE}.Debug|ARM.Build.0 = Debug|Any CPU
		{CAE9BC6F-01AF-401C-9880-ECC08EE4E3DE}.Debug|iPhone.ActiveCfg = Debug|Any CPU
		{CAE9BC6F-01AF-401C-9880-ECC08EE4E3DE}.Debug|iPhone.Build.0 = Debug|Any CPU
		{CAE9BC6F-01AF-401C-9880-ECC08EE4E3DE}.Debug|iPhoneSimulator.ActiveCfg = Debug|Any CPU
		{CAE9BC6F-01AF-401C-9880-ECC08EE4E3DE}.Debug|iPhoneSimulator.Build.0 = Debug|Any CPU
		{CAE9BC6F-01AF-401C-9880-ECC08EE4E3DE}.Debug|x64.ActiveCfg = Debug|Any CPU
		{CAE9BC6F-01AF-401C-9880-ECC08EE4E3DE}.Debug|x64.Build.0 = Debug|Any CPU
		{CAE9BC6F-01AF-401C-9880-ECC08EE4E3DE}.Debug|x86.ActiveCfg = Debug|Any CPU
		{CAE9BC6F-01AF-401C-9880-ECC08EE4E3DE}.Debug|x86.Build.0 = Debug|Any CPU
		{CAE9BC6F-01AF-401C-9880-ECC08EE4E3DE}.Release|Any CPU.ActiveCfg = Release|Any CPU
		{CAE9BC6F-01AF-401C-9880-ECC08EE4E3DE}.Release|Any CPU.Build.0 = Release|Any CPU
		{CAE9BC6F-01AF-401C-9880-ECC08EE4E3DE}.Release|ARM.ActiveCfg = Release|Any CPU
		{CAE9BC6F-01AF-401C-9880-ECC08EE4E3DE}.Release|ARM.Build.0 = Release|Any CPU
		{CAE9BC6F-01AF-401C-9880-ECC08EE4E3DE}.Release|iPhone.ActiveCfg = Release|Any CPU
		{CAE9BC6F-01AF-401C-9880-ECC08EE4E3DE}.Release|iPhone.Build.0 = Release|Any CPU
		{CAE9BC6F-01AF-401C-9880-ECC08EE4E3DE}.Release|iPhoneSimulator.ActiveCfg = Release|Any CPU
		{CAE9BC6F-01AF-401C-9880-ECC08EE4E3DE}.Release|iPhoneSimulator.Build.0 = Release|Any CPU
		{CAE9BC6F-01AF-401C-9880-ECC08EE4E3DE}.Release|x64.ActiveCfg = Release|Any CPU
		{CAE9BC6F-01AF-401C-9880-ECC08EE4E3DE}.Release|x64.Build.0 = Release|Any CPU
		{CAE9BC6F-01AF-401C-9880-ECC08EE4E3DE}.Release|x86.ActiveCfg = Release|Any CPU
		{CAE9BC6F-01AF-401C-9880-ECC08EE4E3DE}.Release|x86.Build.0 = Release|Any CPU
	EndGlobalSection
	GlobalSection(SolutionProperties) = preSolution
		HideSolutionNode = FALSE
	EndGlobalSection
	GlobalSection(ExtensibilityGlobals) = postSolution
		SolutionGuid = {77606954-FD97-496F-B4F4-D205B747CD84}
	EndGlobalSection
EndGlobal
